// !$*UTF8*$!
{
	archiveVersion = 1;
	classes = {
	};
	objectVersion = 55;
	objects = {

/* Begin PBXBuildFile section */
		2C07A2F6EB4911B9828BD9BC /* Pods_iPad_login_Demo.framework in Frameworks */ = {isa = PBXBuildFile; fileRef = 21F252C3510DC4371D89E965 /* Pods_iPad_login_Demo.framework */; };
		DF4480592850728D00592BD7 /* TempCell.swift in Sources */ = {isa = PBXBuildFile; fileRef = DF4480572850728D00592BD7 /* TempCell.swift */; };
		DF44805A2850728D00592BD7 /* TempCell.xib in Resources */ = {isa = PBXBuildFile; fileRef = DF4480582850728D00592BD7 /* TempCell.xib */; };
		DF4480632858426A00592BD7 /* AlertViewController.swift in Sources */ = {isa = PBXBuildFile; fileRef = DF4480612858426A00592BD7 /* AlertViewController.swift */; };
		DF4480642858426A00592BD7 /* AlertViewController.xib in Resources */ = {isa = PBXBuildFile; fileRef = DF4480622858426A00592BD7 /* AlertViewController.xib */; };
		DF743BE0283CE16E0011447C /* UIViewController+Extension.swift in Sources */ = {isa = PBXBuildFile; fileRef = DF743BDF283CE16E0011447C /* UIViewController+Extension.swift */; };
		DF743BEB283CE9280011447C /* SubLeftMenu_ViewController.swift in Sources */ = {isa = PBXBuildFile; fileRef = DF743BE9283CE9280011447C /* SubLeftMenu_ViewController.swift */; };
		DF743BEC283CE9280011447C /* SubLeftMenu_ViewController.xib in Resources */ = {isa = PBXBuildFile; fileRef = DF743BEA283CE9280011447C /* SubLeftMenu_ViewController.xib */; };
		DF743BEF283E37650011447C /* BottomLeftViewController.swift in Sources */ = {isa = PBXBuildFile; fileRef = DF743BED283E37650011447C /* BottomLeftViewController.swift */; };
		DF743BF0283E37650011447C /* BottomLeftViewController.xib in Resources */ = {isa = PBXBuildFile; fileRef = DF743BEE283E37650011447C /* BottomLeftViewController.xib */; };
		DF743BF3283F28AB0011447C /* SubRightTabeViewController.swift in Sources */ = {isa = PBXBuildFile; fileRef = DF743BF1283F28AB0011447C /* SubRightTabeViewController.swift */; };
		DF743BF4283F28AB0011447C /* SubRightTableViewController.xib in Resources */ = {isa = PBXBuildFile; fileRef = DF743BF2283F28AB0011447C /* SubRightTableViewController.xib */; };
		DF743BF7283F34B20011447C /* RightViewOfRightViewController.swift in Sources */ = {isa = PBXBuildFile; fileRef = DF743BF5283F34B20011447C /* RightViewOfRightViewController.swift */; };
		DF743BF8283F34B20011447C /* RightViewOfRightViewController.xib in Resources */ = {isa = PBXBuildFile; fileRef = DF743BF6283F34B20011447C /* RightViewOfRightViewController.xib */; };
		DF743C0F283F891B0011447C /* leftTableViewCell.swift in Sources */ = {isa = PBXBuildFile; fileRef = DF743C0D283F891B0011447C /* leftTableViewCell.swift */; };
		DF743C10283F891B0011447C /* leftTableViewCell.xib in Resources */ = {isa = PBXBuildFile; fileRef = DF743C0E283F891B0011447C /* leftTableViewCell.xib */; };
		DF743C1528424EBA0011447C /* Header.xib in Resources */ = {isa = PBXBuildFile; fileRef = DF743C1428424EBA0011447C /* Header.xib */; };
		DF743C1A2842508F0011447C /* SubMenuHomeViewController.swift in Sources */ = {isa = PBXBuildFile; fileRef = DF743C182842508F0011447C /* SubMenuHomeViewController.swift */; };
		DF743C1B2842508F0011447C /* SubMenuHomeViewController.xib in Resources */ = {isa = PBXBuildFile; fileRef = DF743C192842508F0011447C /* SubMenuHomeViewController.xib */; };
		DF743C1E284259260011447C /* Contanst.swift in Sources */ = {isa = PBXBuildFile; fileRef = DF743C1D284259260011447C /* Contanst.swift */; };
		DF743C2028425B170011447C /* BaseViewController.swift in Sources */ = {isa = PBXBuildFile; fileRef = DF743C1F28425B170011447C /* BaseViewController.swift */; };
		DF743C2328425E170011447C /* SubMenuLeftViewController.swift in Sources */ = {isa = PBXBuildFile; fileRef = DF743C2128425E170011447C /* SubMenuLeftViewController.swift */; };
		DF743C2428425E170011447C /* SubMenuLeftViewController.xib in Resources */ = {isa = PBXBuildFile; fileRef = DF743C2228425E170011447C /* SubMenuLeftViewController.xib */; };
		DF743C322845CB280011447C /* SubMenuLeft_LeftCell.swift in Sources */ = {isa = PBXBuildFile; fileRef = DF743C302845CB280011447C /* SubMenuLeft_LeftCell.swift */; };
		DF743C332845CB280011447C /* SubMenuLeft_LeftCell.xib in Resources */ = {isa = PBXBuildFile; fileRef = DF743C312845CB280011447C /* SubMenuLeft_LeftCell.xib */; };
		DF743C3A2845D50B0011447C /* SubMenuLeft_RightCell.swift in Sources */ = {isa = PBXBuildFile; fileRef = DF743C382845D50B0011447C /* SubMenuLeft_RightCell.swift */; };
		DF743C3B2845D50B0011447C /* SubMenuLeft_RightCell.xib in Resources */ = {isa = PBXBuildFile; fileRef = DF743C392845D50B0011447C /* SubMenuLeft_RightCell.xib */; };
		DF743C3E2845ECA80011447C /* SubMenuRightViewController.swift in Sources */ = {isa = PBXBuildFile; fileRef = DF743C3C2845ECA80011447C /* SubMenuRightViewController.swift */; };
		DF743C3F2845ECA80011447C /* SubMenuRightViewController.xib in Resources */ = {isa = PBXBuildFile; fileRef = DF743C3D2845ECA80011447C /* SubMenuRightViewController.xib */; };
		DF743C422846021E0011447C /* SubMenuRightTableViewCell.swift in Sources */ = {isa = PBXBuildFile; fileRef = DF743C402846021E0011447C /* SubMenuRightTableViewCell.swift */; };
		DF743C432846021E0011447C /* SubMenuRightTableViewCell.xib in Resources */ = {isa = PBXBuildFile; fileRef = DF743C412846021E0011447C /* SubMenuRightTableViewCell.xib */; };
		DF743C4528460EC50011447C /* subMenuTBV.swift in Sources */ = {isa = PBXBuildFile; fileRef = DF743C4428460EC50011447C /* subMenuTBV.swift */; };
		DFDF9F732848A12600153359 /* models.swift in Sources */ = {isa = PBXBuildFile; fileRef = DFDF9F722848A12600153359 /* models.swift */; };
		DFDF9F78284DF49900153359 /* SubGrapthViewController.swift in Sources */ = {isa = PBXBuildFile; fileRef = DFDF9F76284DF49900153359 /* SubGrapthViewController.swift */; };
		DFDF9F79284DF49900153359 /* SubGrapthViewController.xib in Resources */ = {isa = PBXBuildFile; fileRef = DFDF9F77284DF49900153359 /* SubGrapthViewController.xib */; };
		DFDF9F7C284E096700153359 /* grapthMenuDayCell.swift in Sources */ = {isa = PBXBuildFile; fileRef = DFDF9F7A284E096700153359 /* grapthMenuDayCell.swift */; };
		DFDF9F7D284E096700153359 /* grapthMenuDayCell.xib in Resources */ = {isa = PBXBuildFile; fileRef = DFDF9F7B284E096700153359 /* grapthMenuDayCell.xib */; };
		DFDF9F80284E0F1600153359 /* imageViewCell.swift in Sources */ = {isa = PBXBuildFile; fileRef = DFDF9F7E284E0F1600153359 /* imageViewCell.swift */; };
		DFDF9F81284E0F1600153359 /* imageViewCell.xib in Resources */ = {isa = PBXBuildFile; fileRef = DFDF9F7F284E0F1600153359 /* imageViewCell.xib */; };
		DFE5E910282D71160030449A /* AppDelegate.swift in Sources */ = {isa = PBXBuildFile; fileRef = DFE5E90F282D71160030449A /* AppDelegate.swift */; };
		DFE5E912282D71160030449A /* SceneDelegate.swift in Sources */ = {isa = PBXBuildFile; fileRef = DFE5E911282D71160030449A /* SceneDelegate.swift */; };
		DFE5E914282D71160030449A /* ViewController.swift in Sources */ = {isa = PBXBuildFile; fileRef = DFE5E913282D71160030449A /* ViewController.swift */; };
		DFE5E919282D71170030449A /* Assets.xcassets in Resources */ = {isa = PBXBuildFile; fileRef = DFE5E918282D71170030449A /* Assets.xcassets */; };
		DFE5E91C282D71170030449A /* LaunchScreen.storyboard in Resources */ = {isa = PBXBuildFile; fileRef = DFE5E91A282D71170030449A /* LaunchScreen.storyboard */; };
		DFE5E925282D73460030449A /* LoginViewController.swift in Sources */ = {isa = PBXBuildFile; fileRef = DFE5E924282D73460030449A /* LoginViewController.swift */; };
		DFE5E92C283287D00030449A /* Utilities.swift in Sources */ = {isa = PBXBuildFile; fileRef = DFE5E92B283287D00030449A /* Utilities.swift */; };
		DFE5E92F283382DD0030449A /* RightTableViewCell.swift in Sources */ = {isa = PBXBuildFile; fileRef = DFE5E92E283382DD0030449A /* RightTableViewCell.swift */; };
		DFE5E931283387050030449A /* rightTBV.swift in Sources */ = {isa = PBXBuildFile; fileRef = DFE5E930283387050030449A /* rightTBV.swift */; };
		DFE5E9352833E19D0030449A /* leftTBV.swift in Sources */ = {isa = PBXBuildFile; fileRef = DFE5E9342833E19D0030449A /* leftTBV.swift */; };
		DFE5E93C283B318E0030449A /* LoginViewController.xib in Resources */ = {isa = PBXBuildFile; fileRef = DFE5E93B283B318E0030449A /* LoginViewController.xib */; };
		DFE5E941283B33D90030449A /* OrderMenuViewController.xib in Resources */ = {isa = PBXBuildFile; fileRef = DFE5E940283B33D90030449A /* OrderMenuViewController.xib */; };
		DFE5E94C283B4E5E0030449A /* RightTableViewCell.xib in Resources */ = {isa = PBXBuildFile; fileRef = DFE5E94B283B4E5E0030449A /* RightTableViewCell.xib */; };
		DFE5E989283C838E0030449A /* CustomeNibView.swift in Sources */ = {isa = PBXBuildFile; fileRef = DFE5E988283C838E0030449A /* CustomeNibView.swift */; };
		DFE5E98B283C86810030449A /* OrderMenuViewController.swift in Sources */ = {isa = PBXBuildFile; fileRef = DFE5E98A283C86810030449A /* OrderMenuViewController.swift */; };
		DFE5E998283CB8400030449A /* Header.swift in Sources */ = {isa = PBXBuildFile; fileRef = DFE5E997283CB8400030449A /* Header.swift */; };
/* End PBXBuildFile section */

/* Begin PBXFileReference section */
		02AB010B4689EFC51C2342B4 /* Pods-iPad_login_Demo.release.xcconfig */ = {isa = PBXFileReference; includeInIndex = 1; lastKnownFileType = text.xcconfig; name = "Pods-iPad_login_Demo.release.xcconfig"; path = "Target Support Files/Pods-iPad_login_Demo/Pods-iPad_login_Demo.release.xcconfig"; sourceTree = "<group>"; };
		21F252C3510DC4371D89E965 /* Pods_iPad_login_Demo.framework */ = {isa = PBXFileReference; explicitFileType = wrapper.framework; includeInIndex = 0; path = Pods_iPad_login_Demo.framework; sourceTree = BUILT_PRODUCTS_DIR; };
		DF4480572850728D00592BD7 /* TempCell.swift */ = {isa = PBXFileReference; lastKnownFileType = sourcecode.swift; path = TempCell.swift; sourceTree = "<group>"; };
		DF4480582850728D00592BD7 /* TempCell.xib */ = {isa = PBXFileReference; lastKnownFileType = file.xib; path = TempCell.xib; sourceTree = "<group>"; };
		DF4480612858426A00592BD7 /* AlertViewController.swift */ = {isa = PBXFileReference; lastKnownFileType = sourcecode.swift; path = AlertViewController.swift; sourceTree = "<group>"; };
		DF4480622858426A00592BD7 /* AlertViewController.xib */ = {isa = PBXFileReference; lastKnownFileType = file.xib; path = AlertViewController.xib; sourceTree = "<group>"; };
		DF743BDF283CE16E0011447C /* UIViewController+Extension.swift */ = {isa = PBXFileReference; fileEncoding = 4; lastKnownFileType = sourcecode.swift; path = "UIViewController+Extension.swift"; sourceTree = "<group>"; };
		DF743BE9283CE9280011447C /* SubLeftMenu_ViewController.swift */ = {isa = PBXFileReference; lastKnownFileType = sourcecode.swift; path = SubLeftMenu_ViewController.swift; sourceTree = "<group>"; };
		DF743BEA283CE9280011447C /* SubLeftMenu_ViewController.xib */ = {isa = PBXFileReference; lastKnownFileType = file.xib; path = SubLeftMenu_ViewController.xib; sourceTree = "<group>"; };
		DF743BED283E37650011447C /* BottomLeftViewController.swift */ = {isa = PBXFileReference; lastKnownFileType = sourcecode.swift; path = BottomLeftViewController.swift; sourceTree = "<group>"; };
		DF743BEE283E37650011447C /* BottomLeftViewController.xib */ = {isa = PBXFileReference; lastKnownFileType = file.xib; path = BottomLeftViewController.xib; sourceTree = "<group>"; };
		DF743BF1283F28AB0011447C /* SubRightTabeViewController.swift */ = {isa = PBXFileReference; lastKnownFileType = sourcecode.swift; path = SubRightTabeViewController.swift; sourceTree = "<group>"; };
		DF743BF2283F28AB0011447C /* SubRightTableViewController.xib */ = {isa = PBXFileReference; lastKnownFileType = file.xib; path = SubRightTableViewController.xib; sourceTree = "<group>"; };
		DF743BF5283F34B20011447C /* RightViewOfRightViewController.swift */ = {isa = PBXFileReference; lastKnownFileType = sourcecode.swift; path = RightViewOfRightViewController.swift; sourceTree = "<group>"; };
		DF743BF6283F34B20011447C /* RightViewOfRightViewController.xib */ = {isa = PBXFileReference; lastKnownFileType = file.xib; path = RightViewOfRightViewController.xib; sourceTree = "<group>"; };
		DF743C0D283F891B0011447C /* leftTableViewCell.swift */ = {isa = PBXFileReference; lastKnownFileType = sourcecode.swift; path = leftTableViewCell.swift; sourceTree = "<group>"; };
		DF743C0E283F891B0011447C /* leftTableViewCell.xib */ = {isa = PBXFileReference; lastKnownFileType = file.xib; path = leftTableViewCell.xib; sourceTree = "<group>"; };
		DF743C1428424EBA0011447C /* Header.xib */ = {isa = PBXFileReference; lastKnownFileType = file.xib; path = Header.xib; sourceTree = "<group>"; };
		DF743C182842508F0011447C /* SubMenuHomeViewController.swift */ = {isa = PBXFileReference; lastKnownFileType = sourcecode.swift; path = SubMenuHomeViewController.swift; sourceTree = "<group>"; };
		DF743C192842508F0011447C /* SubMenuHomeViewController.xib */ = {isa = PBXFileReference; lastKnownFileType = file.xib; path = SubMenuHomeViewController.xib; sourceTree = "<group>"; };
		DF743C1D284259260011447C /* Contanst.swift */ = {isa = PBXFileReference; lastKnownFileType = sourcecode.swift; path = Contanst.swift; sourceTree = "<group>"; };
		DF743C1F28425B170011447C /* BaseViewController.swift */ = {isa = PBXFileReference; lastKnownFileType = sourcecode.swift; path = BaseViewController.swift; sourceTree = "<group>"; };
		DF743C2128425E170011447C /* SubMenuLeftViewController.swift */ = {isa = PBXFileReference; lastKnownFileType = sourcecode.swift; path = SubMenuLeftViewController.swift; sourceTree = "<group>"; };
		DF743C2228425E170011447C /* SubMenuLeftViewController.xib */ = {isa = PBXFileReference; lastKnownFileType = file.xib; path = SubMenuLeftViewController.xib; sourceTree = "<group>"; };
		DF743C302845CB280011447C /* SubMenuLeft_LeftCell.swift */ = {isa = PBXFileReference; lastKnownFileType = sourcecode.swift; path = SubMenuLeft_LeftCell.swift; sourceTree = "<group>"; };
		DF743C312845CB280011447C /* SubMenuLeft_LeftCell.xib */ = {isa = PBXFileReference; lastKnownFileType = file.xib; path = SubMenuLeft_LeftCell.xib; sourceTree = "<group>"; };
		DF743C382845D50B0011447C /* SubMenuLeft_RightCell.swift */ = {isa = PBXFileReference; lastKnownFileType = sourcecode.swift; path = SubMenuLeft_RightCell.swift; sourceTree = "<group>"; };
		DF743C392845D50B0011447C /* SubMenuLeft_RightCell.xib */ = {isa = PBXFileReference; lastKnownFileType = file.xib; path = SubMenuLeft_RightCell.xib; sourceTree = "<group>"; };
		DF743C3C2845ECA80011447C /* SubMenuRightViewController.swift */ = {isa = PBXFileReference; lastKnownFileType = sourcecode.swift; path = SubMenuRightViewController.swift; sourceTree = "<group>"; };
		DF743C3D2845ECA80011447C /* SubMenuRightViewController.xib */ = {isa = PBXFileReference; lastKnownFileType = file.xib; path = SubMenuRightViewController.xib; sourceTree = "<group>"; };
		DF743C402846021E0011447C /* SubMenuRightTableViewCell.swift */ = {isa = PBXFileReference; lastKnownFileType = sourcecode.swift; path = SubMenuRightTableViewCell.swift; sourceTree = "<group>"; };
		DF743C412846021E0011447C /* SubMenuRightTableViewCell.xib */ = {isa = PBXFileReference; lastKnownFileType = file.xib; path = SubMenuRightTableViewCell.xib; sourceTree = "<group>"; };
		DF743C4428460EC50011447C /* subMenuTBV.swift */ = {isa = PBXFileReference; lastKnownFileType = sourcecode.swift; path = subMenuTBV.swift; sourceTree = "<group>"; };
		DFDF9F722848A12600153359 /* models.swift */ = {isa = PBXFileReference; lastKnownFileType = sourcecode.swift; path = models.swift; sourceTree = "<group>"; };
		DFDF9F76284DF49900153359 /* SubGrapthViewController.swift */ = {isa = PBXFileReference; lastKnownFileType = sourcecode.swift; path = SubGrapthViewController.swift; sourceTree = "<group>"; };
		DFDF9F77284DF49900153359 /* SubGrapthViewController.xib */ = {isa = PBXFileReference; lastKnownFileType = file.xib; path = SubGrapthViewController.xib; sourceTree = "<group>"; };
		DFDF9F7A284E096700153359 /* grapthMenuDayCell.swift */ = {isa = PBXFileReference; lastKnownFileType = sourcecode.swift; path = grapthMenuDayCell.swift; sourceTree = "<group>"; };
		DFDF9F7B284E096700153359 /* grapthMenuDayCell.xib */ = {isa = PBXFileReference; lastKnownFileType = file.xib; path = grapthMenuDayCell.xib; sourceTree = "<group>"; };
		DFDF9F7E284E0F1600153359 /* imageViewCell.swift */ = {isa = PBXFileReference; lastKnownFileType = sourcecode.swift; path = imageViewCell.swift; sourceTree = "<group>"; };
		DFDF9F7F284E0F1600153359 /* imageViewCell.xib */ = {isa = PBXFileReference; lastKnownFileType = file.xib; path = imageViewCell.xib; sourceTree = "<group>"; };
		DFE5E90C282D71160030449A /* iPad_login_Demo.app */ = {isa = PBXFileReference; explicitFileType = wrapper.application; includeInIndex = 0; path = iPad_login_Demo.app; sourceTree = BUILT_PRODUCTS_DIR; };
		DFE5E90F282D71160030449A /* AppDelegate.swift */ = {isa = PBXFileReference; lastKnownFileType = sourcecode.swift; path = AppDelegate.swift; sourceTree = "<group>"; };
		DFE5E911282D71160030449A /* SceneDelegate.swift */ = {isa = PBXFileReference; lastKnownFileType = sourcecode.swift; path = SceneDelegate.swift; sourceTree = "<group>"; };
		DFE5E913282D71160030449A /* ViewController.swift */ = {isa = PBXFileReference; lastKnownFileType = sourcecode.swift; path = ViewController.swift; sourceTree = "<group>"; };
		DFE5E918282D71170030449A /* Assets.xcassets */ = {isa = PBXFileReference; lastKnownFileType = folder.assetcatalog; path = Assets.xcassets; sourceTree = "<group>"; };
		DFE5E91B282D71170030449A /* Base */ = {isa = PBXFileReference; lastKnownFileType = file.storyboard; name = Base; path = Base.lproj/LaunchScreen.storyboard; sourceTree = "<group>"; };
		DFE5E91D282D71170030449A /* Info.plist */ = {isa = PBXFileReference; lastKnownFileType = text.plist.xml; path = Info.plist; sourceTree = "<group>"; };
		DFE5E924282D73460030449A /* LoginViewController.swift */ = {isa = PBXFileReference; lastKnownFileType = sourcecode.swift; path = LoginViewController.swift; sourceTree = "<group>"; };
		DFE5E92B283287D00030449A /* Utilities.swift */ = {isa = PBXFileReference; lastKnownFileType = sourcecode.swift; path = Utilities.swift; sourceTree = "<group>"; };
		DFE5E92E283382DD0030449A /* RightTableViewCell.swift */ = {isa = PBXFileReference; lastKnownFileType = sourcecode.swift; path = RightTableViewCell.swift; sourceTree = "<group>"; };
		DFE5E930283387050030449A /* rightTBV.swift */ = {isa = PBXFileReference; lastKnownFileType = sourcecode.swift; path = rightTBV.swift; sourceTree = "<group>"; };
		DFE5E9342833E19D0030449A /* leftTBV.swift */ = {isa = PBXFileReference; lastKnownFileType = sourcecode.swift; path = leftTBV.swift; sourceTree = "<group>"; };
		DFE5E93B283B318E0030449A /* LoginViewController.xib */ = {isa = PBXFileReference; lastKnownFileType = file.xib; path = LoginViewController.xib; sourceTree = "<group>"; };
		DFE5E940283B33D90030449A /* OrderMenuViewController.xib */ = {isa = PBXFileReference; lastKnownFileType = file.xib; path = OrderMenuViewController.xib; sourceTree = "<group>"; };
		DFE5E94B283B4E5E0030449A /* RightTableViewCell.xib */ = {isa = PBXFileReference; lastKnownFileType = file.xib; path = RightTableViewCell.xib; sourceTree = "<group>"; };
		DFE5E988283C838E0030449A /* CustomeNibView.swift */ = {isa = PBXFileReference; lastKnownFileType = sourcecode.swift; path = CustomeNibView.swift; sourceTree = "<group>"; };
		DFE5E98A283C86810030449A /* OrderMenuViewController.swift */ = {isa = PBXFileReference; lastKnownFileType = sourcecode.swift; path = OrderMenuViewController.swift; sourceTree = "<group>"; };
		DFE5E997283CB8400030449A /* Header.swift */ = {isa = PBXFileReference; fileEncoding = 4; lastKnownFileType = sourcecode.swift; path = Header.swift; sourceTree = "<group>"; };
		E29CC4772F501A8698EDEC33 /* Pods-iPad_login_Demo.debug.xcconfig */ = {isa = PBXFileReference; includeInIndex = 1; lastKnownFileType = text.xcconfig; name = "Pods-iPad_login_Demo.debug.xcconfig"; path = "Target Support Files/Pods-iPad_login_Demo/Pods-iPad_login_Demo.debug.xcconfig"; sourceTree = "<group>"; };
/* End PBXFileReference section */

/* Begin PBXFrameworksBuildPhase section */
		DFE5E909282D71160030449A /* Frameworks */ = {
			isa = PBXFrameworksBuildPhase;
			buildActionMask = 2147483647;
			files = (
				2C07A2F6EB4911B9828BD9BC /* Pods_iPad_login_Demo.framework in Frameworks */,
			);
			runOnlyForDeploymentPostprocessing = 0;
		};
/* End PBXFrameworksBuildPhase section */

/* Begin PBXGroup section */
		52050748AD3FA280BD560821 /* Frameworks */ = {
			isa = PBXGroup;
			children = (
				21F252C3510DC4371D89E965 /* Pods_iPad_login_Demo.framework */,
			);
			name = Frameworks;
			sourceTree = "<group>";
		};
		B287209A7273D36FA2F1E63F /* Pods */ = {
			isa = PBXGroup;
			children = (
				E29CC4772F501A8698EDEC33 /* Pods-iPad_login_Demo.debug.xcconfig */,
				02AB010B4689EFC51C2342B4 /* Pods-iPad_login_Demo.release.xcconfig */,
			);
			path = Pods;
			sourceTree = "<group>";
		};
		DF743C1128424D360011447C /* 02.SubMenu */ = {
			isa = PBXGroup;
			children = (
				DF743C182842508F0011447C /* SubMenuHomeViewController.swift */,
				DF743C2128425E170011447C /* SubMenuLeftViewController.swift */,
				DF743C3C2845ECA80011447C /* SubMenuRightViewController.swift */,
				DFDF9F7A284E096700153359 /* grapthMenuDayCell.swift */,
				DFDF9F7E284E0F1600153359 /* imageViewCell.swift */,
				DFDF9F76284DF49900153359 /* SubGrapthViewController.swift */,
				DF4480572850728D00592BD7 /* TempCell.swift */,
			);
			path = 02.SubMenu;
			sourceTree = "<group>";
		};
		DF743C1328424E850011447C /* 02.SubMenu */ = {
			isa = PBXGroup;
			children = (
				DFDF9F75284DF36400153359 /* RightView */,
				DFDF9F74284DF35800153359 /* LeftView */,
				DF743C252845BB4D0011447C /* Cells */,
				DF743C192842508F0011447C /* SubMenuHomeViewController.xib */,
				DFDF9F7B284E096700153359 /* grapthMenuDayCell.xib */,
				DFDF9F7F284E0F1600153359 /* imageViewCell.xib */,
				DF4480582850728D00592BD7 /* TempCell.xib */,
				DFDF9F77284DF49900153359 /* SubGrapthViewController.xib */,
			);
			path = 02.SubMenu;
			sourceTree = "<group>";
		};
		DF743C1C2842590A0011447C /* Contanst */ = {
			isa = PBXGroup;
			children = (
				DF743C1D284259260011447C /* Contanst.swift */,
			);
			path = Contanst;
			sourceTree = "<group>";
		};
		DF743C252845BB4D0011447C /* Cells */ = {
			isa = PBXGroup;
			children = (
				DF743C302845CB280011447C /* SubMenuLeft_LeftCell.swift */,
				DF743C312845CB280011447C /* SubMenuLeft_LeftCell.xib */,
				DF743C382845D50B0011447C /* SubMenuLeft_RightCell.swift */,
				DF743C392845D50B0011447C /* SubMenuLeft_RightCell.xib */,
				DF743C412846021E0011447C /* SubMenuRightTableViewCell.xib */,
			);
			path = Cells;
			sourceTree = "<group>";
		};
		DF743C2A2845C0F70011447C /* OrderMenu */ = {
			isa = PBXGroup;
			children = (
				DFE5E930283387050030449A /* rightTBV.swift */,
				DFE5E92E283382DD0030449A /* RightTableViewCell.swift */,
				DFE5E9342833E19D0030449A /* leftTBV.swift */,
				DF743C0D283F891B0011447C /* leftTableViewCell.swift */,
			);
			path = OrderMenu;
			sourceTree = "<group>";
		};
		DF743C2B2845C10C0011447C /* SubMenu */ = {
			isa = PBXGroup;
			children = (
				DF743C402846021E0011447C /* SubMenuRightTableViewCell.swift */,
				DF743C4428460EC50011447C /* subMenuTBV.swift */,
			);
			path = SubMenu;
			sourceTree = "<group>";
		};
		DFDF9F712848A11000153359 /* Models */ = {
			isa = PBXGroup;
			children = (
				DFDF9F722848A12600153359 /* models.swift */,
			);
			path = Models;
			sourceTree = "<group>";
		};
		DFDF9F74284DF35800153359 /* LeftView */ = {
			isa = PBXGroup;
			children = (
				DF743C2228425E170011447C /* SubMenuLeftViewController.xib */,
			);
			path = LeftView;
			sourceTree = "<group>";
		};
		DFDF9F75284DF36400153359 /* RightView */ = {
			isa = PBXGroup;
			children = (
				DF743C3D2845ECA80011447C /* SubMenuRightViewController.xib */,
			);
			path = RightView;
			sourceTree = "<group>";
		};
		DFE5E903282D71160030449A = {
			isa = PBXGroup;
			children = (
				DFE5E90E282D71160030449A /* iPad_login_Demo */,
				DFE5E90D282D71160030449A /* Products */,
				B287209A7273D36FA2F1E63F /* Pods */,
				52050748AD3FA280BD560821 /* Frameworks */,
			);
			sourceTree = "<group>";
		};
		DFE5E90D282D71160030449A /* Products */ = {
			isa = PBXGroup;
			children = (
				DFE5E90C282D71160030449A /* iPad_login_Demo.app */,
			);
			name = Products;
			sourceTree = "<group>";
		};
		DFE5E90E282D71160030449A /* iPad_login_Demo */ = {
			isa = PBXGroup;
			children = (
				DFDF9F712848A11000153359 /* Models */,
				DF743C1C2842590A0011447C /* Contanst */,
				DFE5E90F282D71160030449A /* AppDelegate.swift */,
				DFE5E911282D71160030449A /* SceneDelegate.swift */,
				DFE5E92D2833827E0030449A /* Table View Cell */,
				DFE5E936283B2ECD0030449A /* UI */,
				DFE5E92A283287B50030449A /* Helper */,
				DFE5E918282D71170030449A /* Assets.xcassets */,
				DFE5E91A282D71170030449A /* LaunchScreen.storyboard */,
				DFE5E91D282D71170030449A /* Info.plist */,
			);
			path = iPad_login_Demo;
			sourceTree = "<group>";
		};
		DFE5E923282D73210030449A /* 02.ViewController */ = {
			isa = PBXGroup;
			children = (
				DFE5E985283C82F40030449A /* 00.Login */,
				DFE5E986283C83110030449A /* 01.OrderMenu */,
				DF743C1128424D360011447C /* 02.SubMenu */,
				DFE5E913282D71160030449A /* ViewController.swift */,
			);
			path = 02.ViewController;
			sourceTree = "<group>";
		};
		DFE5E92A283287B50030449A /* Helper */ = {
			isa = PBXGroup;
			children = (
				DFE5E92B283287D00030449A /* Utilities.swift */,
				DF743BDF283CE16E0011447C /* UIViewController+Extension.swift */,
			);
			path = Helper;
			sourceTree = "<group>";
		};
		DFE5E92D2833827E0030449A /* Table View Cell */ = {
			isa = PBXGroup;
			children = (
				DF743C2A2845C0F70011447C /* OrderMenu */,
				DF743C2B2845C10C0011447C /* SubMenu */,
			);
			path = "Table View Cell";
			sourceTree = "<group>";
		};
		DFE5E936283B2ECD0030449A /* UI */ = {
			isa = PBXGroup;
			children = (
				DFE5E93A283B30960030449A /* 00.LoginScreen */,
				DFE5E939283B2F850030449A /* 01.Storyboards */,
				DFE5E923282D73210030449A /* 02.ViewController */,
				DFE5E987283C834D0030449A /* 03.UIparts */,
				DFE5E996283CB7A30030449A /* 04.Header */,
			);
			path = UI;
			sourceTree = "<group>";
		};
		DFE5E939283B2F850030449A /* 01.Storyboards */ = {
			isa = PBXGroup;
			children = (
				DFE5E93D283B331D0030449A /* 01.OderMenu */,
				DF743C1328424E850011447C /* 02.SubMenu */,
			);
			path = 01.Storyboards;
			sourceTree = "<group>";
		};
		DFE5E93A283B30960030449A /* 00.LoginScreen */ = {
			isa = PBXGroup;
			children = (
				DFE5E93B283B318E0030449A /* LoginViewController.xib */,
				DF4480612858426A00592BD7 /* AlertViewController.swift */,
				DF4480622858426A00592BD7 /* AlertViewController.xib */,
			);
			path = 00.LoginScreen;
			sourceTree = "<group>";
		};
		DFE5E93D283B331D0030449A /* 01.OderMenu */ = {
			isa = PBXGroup;
			children = (
				DFE5E94E283B5DC90030449A /* RightView */,
				DFE5E94D283B5DBE0030449A /* LeftView */,
				DFE5E948283B44D90030449A /* Cells */,
				DFE5E940283B33D90030449A /* OrderMenuViewController.xib */,
			);
			path = 01.OderMenu;
			sourceTree = "<group>";
		};
		DFE5E948283B44D90030449A /* Cells */ = {
			isa = PBXGroup;
			children = (
				DFE5E94B283B4E5E0030449A /* RightTableViewCell.xib */,
				DF743C0E283F891B0011447C /* leftTableViewCell.xib */,
			);
			path = Cells;
			sourceTree = "<group>";
		};
		DFE5E94D283B5DBE0030449A /* LeftView */ = {
			isa = PBXGroup;
			children = (
				DF743BEA283CE9280011447C /* SubLeftMenu_ViewController.xib */,
				DF743BEE283E37650011447C /* BottomLeftViewController.xib */,
			);
			path = LeftView;
			sourceTree = "<group>";
		};
		DFE5E94E283B5DC90030449A /* RightView */ = {
			isa = PBXGroup;
			children = (
				DF743BF2283F28AB0011447C /* SubRightTableViewController.xib */,
				DF743BF6283F34B20011447C /* RightViewOfRightViewController.xib */,
			);
			path = RightView;
			sourceTree = "<group>";
		};
		DFE5E985283C82F40030449A /* 00.Login */ = {
			isa = PBXGroup;
			children = (
				DFE5E924282D73460030449A /* LoginViewController.swift */,
			);
			path = 00.Login;
			sourceTree = "<group>";
		};
		DFE5E986283C83110030449A /* 01.OrderMenu */ = {
			isa = PBXGroup;
			children = (
				DFE5E98A283C86810030449A /* OrderMenuViewController.swift */,
				DF743BE9283CE9280011447C /* SubLeftMenu_ViewController.swift */,
				DF743BED283E37650011447C /* BottomLeftViewController.swift */,
				DF743BF1283F28AB0011447C /* SubRightTabeViewController.swift */,
				DF743BF5283F34B20011447C /* RightViewOfRightViewController.swift */,
			);
			path = 01.OrderMenu;
			sourceTree = "<group>";
		};
		DFE5E987283C834D0030449A /* 03.UIparts */ = {
			isa = PBXGroup;
			children = (
				DFE5E988283C838E0030449A /* CustomeNibView.swift */,
			);
			path = 03.UIparts;
			sourceTree = "<group>";
		};
		DFE5E996283CB7A30030449A /* 04.Header */ = {
			isa = PBXGroup;
			children = (
				DF743C1428424EBA0011447C /* Header.xib */,
				DFE5E997283CB8400030449A /* Header.swift */,
				DF743C1F28425B170011447C /* BaseViewController.swift */,
			);
			path = 04.Header;
			sourceTree = "<group>";
		};
/* End PBXGroup section */

/* Begin PBXNativeTarget section */
		DFE5E90B282D71160030449A /* iPad_login_Demo */ = {
			isa = PBXNativeTarget;
			buildConfigurationList = DFE5E920282D71170030449A /* Build configuration list for PBXNativeTarget "iPad_login_Demo" */;
			buildPhases = (
				1A16EBFD800B6D7EFF893A2E /* [CP] Check Pods Manifest.lock */,
				DFE5E908282D71160030449A /* Sources */,
				DFE5E909282D71160030449A /* Frameworks */,
				DFE5E90A282D71160030449A /* Resources */,
				BB544BF171AC2E70D50D74B9 /* [CP] Embed Pods Frameworks */,
			);
			buildRules = (
			);
			dependencies = (
			);
			name = iPad_login_Demo;
			productName = iPad_login_Demo;
			productReference = DFE5E90C282D71160030449A /* iPad_login_Demo.app */;
			productType = "com.apple.product-type.application";
		};
/* End PBXNativeTarget section */

/* Begin PBXProject section */
		DFE5E904282D71160030449A /* Project object */ = {
			isa = PBXProject;
			attributes = {
				BuildIndependentTargetsInParallel = 1;
				LastSwiftUpdateCheck = 1320;
				LastUpgradeCheck = 1320;
				TargetAttributes = {
					DFE5E90B282D71160030449A = {
						CreatedOnToolsVersion = 13.2.1;
					};
				};
			};
			buildConfigurationList = DFE5E907282D71160030449A /* Build configuration list for PBXProject "iPad_login_Demo" */;
			compatibilityVersion = "Xcode 13.0";
			developmentRegion = en;
			hasScannedForEncodings = 0;
			knownRegions = (
				en,
				Base,
			);
			mainGroup = DFE5E903282D71160030449A;
			productRefGroup = DFE5E90D282D71160030449A /* Products */;
			projectDirPath = "";
			projectRoot = "";
			targets = (
				DFE5E90B282D71160030449A /* iPad_login_Demo */,
			);
		};
/* End PBXProject section */

/* Begin PBXResourcesBuildPhase section */
		DFE5E90A282D71160030449A /* Resources */ = {
			isa = PBXResourcesBuildPhase;
			buildActionMask = 2147483647;
			files = (
				DF743C432846021E0011447C /* SubMenuRightTableViewCell.xib in Resources */,
				DFE5E94C283B4E5E0030449A /* RightTableViewCell.xib in Resources */,
				DF743BF4283F28AB0011447C /* SubRightTableViewController.xib in Resources */,
				DF743C10283F891B0011447C /* leftTableViewCell.xib in Resources */,
				DFE5E93C283B318E0030449A /* LoginViewController.xib in Resources */,
				DF743C1B2842508F0011447C /* SubMenuHomeViewController.xib in Resources */,
				DF743BF8283F34B20011447C /* RightViewOfRightViewController.xib in Resources */,
				DF743C1528424EBA0011447C /* Header.xib in Resources */,
				DFE5E91C282D71170030449A /* LaunchScreen.storyboard in Resources */,
				DF4480642858426A00592BD7 /* AlertViewController.xib in Resources */,
				DFDF9F7D284E096700153359 /* grapthMenuDayCell.xib in Resources */,
				DFDF9F79284DF49900153359 /* SubGrapthViewController.xib in Resources */,
				DF743C3B2845D50B0011447C /* SubMenuLeft_RightCell.xib in Resources */,
				DF44805A2850728D00592BD7 /* TempCell.xib in Resources */,
				DF743BEC283CE9280011447C /* SubLeftMenu_ViewController.xib in Resources */,
				DFE5E919282D71170030449A /* Assets.xcassets in Resources */,
				DF743C3F2845ECA80011447C /* SubMenuRightViewController.xib in Resources */,
				DF743C2428425E170011447C /* SubMenuLeftViewController.xib in Resources */,
				DFDF9F81284E0F1600153359 /* imageViewCell.xib in Resources */,
				DF743BF0283E37650011447C /* BottomLeftViewController.xib in Resources */,
				DFE5E941283B33D90030449A /* OrderMenuViewController.xib in Resources */,
				DF743C332845CB280011447C /* SubMenuLeft_LeftCell.xib in Resources */,
			);
			runOnlyForDeploymentPostprocessing = 0;
		};
/* End PBXResourcesBuildPhase section */

/* Begin PBXShellScriptBuildPhase section */
		1A16EBFD800B6D7EFF893A2E /* [CP] Check Pods Manifest.lock */ = {
			isa = PBXShellScriptBuildPhase;
			buildActionMask = 2147483647;
			files = (
			);
			inputFileListPaths = (
			);
			inputPaths = (
				"${PODS_PODFILE_DIR_PATH}/Podfile.lock",
				"${PODS_ROOT}/Manifest.lock",
			);
			name = "[CP] Check Pods Manifest.lock";
			outputFileListPaths = (
			);
			outputPaths = (
				"$(DERIVED_FILE_DIR)/Pods-iPad_login_Demo-checkManifestLockResult.txt",
			);
			runOnlyForDeploymentPostprocessing = 0;
			shellPath = /bin/sh;
			shellScript = "diff \"${PODS_PODFILE_DIR_PATH}/Podfile.lock\" \"${PODS_ROOT}/Manifest.lock\" > /dev/null\nif [ $? != 0 ] ; then\n    # print error to STDERR\n    echo \"error: The sandbox is not in sync with the Podfile.lock. Run 'pod install' or update your CocoaPods installation.\" >&2\n    exit 1\nfi\n# This output is used by Xcode 'outputs' to avoid re-running this script phase.\necho \"SUCCESS\" > \"${SCRIPT_OUTPUT_FILE_0}\"\n";
			showEnvVarsInLog = 0;
		};
		BB544BF171AC2E70D50D74B9 /* [CP] Embed Pods Frameworks */ = {
			isa = PBXShellScriptBuildPhase;
			buildActionMask = 2147483647;
			files = (
			);
			inputFileListPaths = (
				"${PODS_ROOT}/Target Support Files/Pods-iPad_login_Demo/Pods-iPad_login_Demo-frameworks-${CONFIGURATION}-input-files.xcfilelist",
			);
			name = "[CP] Embed Pods Frameworks";
			outputFileListPaths = (
				"${PODS_ROOT}/Target Support Files/Pods-iPad_login_Demo/Pods-iPad_login_Demo-frameworks-${CONFIGURATION}-output-files.xcfilelist",
			);
			runOnlyForDeploymentPostprocessing = 0;
			shellPath = /bin/sh;
			shellScript = "\"${PODS_ROOT}/Target Support Files/Pods-iPad_login_Demo/Pods-iPad_login_Demo-frameworks.sh\"\n";
			showEnvVarsInLog = 0;
		};
/* End PBXShellScriptBuildPhase section */

/* Begin PBXSourcesBuildPhase section */
		DFE5E908282D71160030449A /* Sources */ = {
			isa = PBXSourcesBuildPhase;
			buildActionMask = 2147483647;
			files = (
				DFE5E92C283287D00030449A /* Utilities.swift in Sources */,
				DF743C1A2842508F0011447C /* SubMenuHomeViewController.swift in Sources */,
				DFE5E9352833E19D0030449A /* leftTBV.swift in Sources */,
				DF743C322845CB280011447C /* SubMenuLeft_LeftCell.swift in Sources */,
				DF743C422846021E0011447C /* SubMenuRightTableViewCell.swift in Sources */,
				DF743BF7283F34B20011447C /* RightViewOfRightViewController.swift in Sources */,
				DF743BEF283E37650011447C /* BottomLeftViewController.swift in Sources */,
				DF743C2028425B170011447C /* BaseViewController.swift in Sources */,
				DFDF9F7C284E096700153359 /* grapthMenuDayCell.swift in Sources */,
				DFE5E998283CB8400030449A /* Header.swift in Sources */,
				DF743BE0283CE16E0011447C /* UIViewController+Extension.swift in Sources */,
				DF4480632858426A00592BD7 /* AlertViewController.swift in Sources */,
				DFDF9F732848A12600153359 /* models.swift in Sources */,
				DFE5E98B283C86810030449A /* OrderMenuViewController.swift in Sources */,
				DF743BEB283CE9280011447C /* SubLeftMenu_ViewController.swift in Sources */,
				DFE5E925282D73460030449A /* LoginViewController.swift in Sources */,
				DF743C3A2845D50B0011447C /* SubMenuLeft_RightCell.swift in Sources */,
				DFDF9F78284DF49900153359 /* SubGrapthViewController.swift in Sources */,
				DFE5E914282D71160030449A /* ViewController.swift in Sources */,
				DFE5E910282D71160030449A /* AppDelegate.swift in Sources */,
				DF743C2328425E170011447C /* SubMenuLeftViewController.swift in Sources */,
				DFE5E92F283382DD0030449A /* RightTableViewCell.swift in Sources */,
				DF743BF3283F28AB0011447C /* SubRightTabeViewController.swift in Sources */,
				DFE5E912282D71160030449A /* SceneDelegate.swift in Sources */,
				DF743C0F283F891B0011447C /* leftTableViewCell.swift in Sources */,
				DFDF9F80284E0F1600153359 /* imageViewCell.swift in Sources */,
				DFE5E989283C838E0030449A /* CustomeNibView.swift in Sources */,
				DF743C4528460EC50011447C /* subMenuTBV.swift in Sources */,
				DF4480592850728D00592BD7 /* TempCell.swift in Sources */,
				DFE5E931283387050030449A /* rightTBV.swift in Sources */,
				DF743C3E2845ECA80011447C /* SubMenuRightViewController.swift in Sources */,
				DF743C1E284259260011447C /* Contanst.swift in Sources */,
			);
			runOnlyForDeploymentPostprocessing = 0;
		};
/* End PBXSourcesBuildPhase section */

/* Begin PBXVariantGroup section */
		DFE5E91A282D71170030449A /* LaunchScreen.storyboard */ = {
			isa = PBXVariantGroup;
			children = (
				DFE5E91B282D71170030449A /* Base */,
			);
			name = LaunchScreen.storyboard;
			sourceTree = "<group>";
		};
/* End PBXVariantGroup section */

/* Begin XCBuildConfiguration section */
		DFE5E91E282D71170030449A /* Debug */ = {
			isa = XCBuildConfiguration;
			buildSettings = {
				ALWAYS_SEARCH_USER_PATHS = NO;
				CLANG_ANALYZER_NONNULL = YES;
				CLANG_ANALYZER_NUMBER_OBJECT_CONVERSION = YES_AGGRESSIVE;
				CLANG_CXX_LANGUAGE_STANDARD = "gnu++17";
				CLANG_CXX_LIBRARY = "libc++";
				CLANG_ENABLE_MODULES = YES;
				CLANG_ENABLE_OBJC_ARC = YES;
				CLANG_ENABLE_OBJC_WEAK = YES;
				CLANG_WARN_BLOCK_CAPTURE_AUTORELEASING = YES;
				CLANG_WARN_BOOL_CONVERSION = YES;
				CLANG_WARN_COMMA = YES;
				CLANG_WARN_CONSTANT_CONVERSION = YES;
				CLANG_WARN_DEPRECATED_OBJC_IMPLEMENTATIONS = YES;
				CLANG_WARN_DIRECT_OBJC_ISA_USAGE = YES_ERROR;
				CLANG_WARN_DOCUMENTATION_COMMENTS = YES;
				CLANG_WARN_EMPTY_BODY = YES;
				CLANG_WARN_ENUM_CONVERSION = YES;
				CLANG_WARN_INFINITE_RECURSION = YES;
				CLANG_WARN_INT_CONVERSION = YES;
				CLANG_WARN_NON_LITERAL_NULL_CONVERSION = YES;
				CLANG_WARN_OBJC_IMPLICIT_RETAIN_SELF = YES;
				CLANG_WARN_OBJC_LITERAL_CONVERSION = YES;
				CLANG_WARN_OBJC_ROOT_CLASS = YES_ERROR;
				CLANG_WARN_QUOTED_INCLUDE_IN_FRAMEWORK_HEADER = YES;
				CLANG_WARN_RANGE_LOOP_ANALYSIS = YES;
				CLANG_WARN_STRICT_PROTOTYPES = YES;
				CLANG_WARN_SUSPICIOUS_MOVE = YES;
				CLANG_WARN_UNGUARDED_AVAILABILITY = YES_AGGRESSIVE;
				CLANG_WARN_UNREACHABLE_CODE = YES;
				CLANG_WARN__DUPLICATE_METHOD_MATCH = YES;
				COPY_PHASE_STRIP = NO;
				DEBUG_INFORMATION_FORMAT = dwarf;
				ENABLE_STRICT_OBJC_MSGSEND = YES;
				ENABLE_TESTABILITY = YES;
				GCC_C_LANGUAGE_STANDARD = gnu11;
				GCC_DYNAMIC_NO_PIC = NO;
				GCC_NO_COMMON_BLOCKS = YES;
				GCC_OPTIMIZATION_LEVEL = 0;
				GCC_PREPROCESSOR_DEFINITIONS = (
					"DEBUG=1",
					"$(inherited)",
				);
				GCC_WARN_64_TO_32_BIT_CONVERSION = YES;
				GCC_WARN_ABOUT_RETURN_TYPE = YES_ERROR;
				GCC_WARN_UNDECLARED_SELECTOR = YES;
				GCC_WARN_UNINITIALIZED_AUTOS = YES_AGGRESSIVE;
				GCC_WARN_UNUSED_FUNCTION = YES;
				GCC_WARN_UNUSED_VARIABLE = YES;
				IPHONEOS_DEPLOYMENT_TARGET = 15.2;
				MTL_ENABLE_DEBUG_INFO = INCLUDE_SOURCE;
				MTL_FAST_MATH = YES;
				ONLY_ACTIVE_ARCH = YES;
				SDKROOT = iphoneos;
				SWIFT_ACTIVE_COMPILATION_CONDITIONS = DEBUG;
				SWIFT_OPTIMIZATION_LEVEL = "-Onone";
			};
			name = Debug;
		};
		DFE5E91F282D71170030449A /* Release */ = {
			isa = XCBuildConfiguration;
			buildSettings = {
				ALWAYS_SEARCH_USER_PATHS = NO;
				CLANG_ANALYZER_NONNULL = YES;
				CLANG_ANALYZER_NUMBER_OBJECT_CONVERSION = YES_AGGRESSIVE;
				CLANG_CXX_LANGUAGE_STANDARD = "gnu++17";
				CLANG_CXX_LIBRARY = "libc++";
				CLANG_ENABLE_MODULES = YES;
				CLANG_ENABLE_OBJC_ARC = YES;
				CLANG_ENABLE_OBJC_WEAK = YES;
				CLANG_WARN_BLOCK_CAPTURE_AUTORELEASING = YES;
				CLANG_WARN_BOOL_CONVERSION = YES;
				CLANG_WARN_COMMA = YES;
				CLANG_WARN_CONSTANT_CONVERSION = YES;
				CLANG_WARN_DEPRECATED_OBJC_IMPLEMENTATIONS = YES;
				CLANG_WARN_DIRECT_OBJC_ISA_USAGE = YES_ERROR;
				CLANG_WARN_DOCUMENTATION_COMMENTS = YES;
				CLANG_WARN_EMPTY_BODY = YES;
				CLANG_WARN_ENUM_CONVERSION = YES;
				CLANG_WARN_INFINITE_RECURSION = YES;
				CLANG_WARN_INT_CONVERSION = YES;
				CLANG_WARN_NON_LITERAL_NULL_CONVERSION = YES;
				CLANG_WARN_OBJC_IMPLICIT_RETAIN_SELF = YES;
				CLANG_WARN_OBJC_LITERAL_CONVERSION = YES;
				CLANG_WARN_OBJC_ROOT_CLASS = YES_ERROR;
				CLANG_WARN_QUOTED_INCLUDE_IN_FRAMEWORK_HEADER = YES;
				CLANG_WARN_RANGE_LOOP_ANALYSIS = YES;
				CLANG_WARN_STRICT_PROTOTYPES = YES;
				CLANG_WARN_SUSPICIOUS_MOVE = YES;
				CLANG_WARN_UNGUARDED_AVAILABILITY = YES_AGGRESSIVE;
				CLANG_WARN_UNREACHABLE_CODE = YES;
				CLANG_WARN__DUPLICATE_METHOD_MATCH = YES;
				COPY_PHASE_STRIP = NO;
				DEBUG_INFORMATION_FORMAT = "dwarf-with-dsym";
				ENABLE_NS_ASSERTIONS = NO;
				ENABLE_STRICT_OBJC_MSGSEND = YES;
				GCC_C_LANGUAGE_STANDARD = gnu11;
				GCC_NO_COMMON_BLOCKS = YES;
				GCC_WARN_64_TO_32_BIT_CONVERSION = YES;
				GCC_WARN_ABOUT_RETURN_TYPE = YES_ERROR;
				GCC_WARN_UNDECLARED_SELECTOR = YES;
				GCC_WARN_UNINITIALIZED_AUTOS = YES_AGGRESSIVE;
				GCC_WARN_UNUSED_FUNCTION = YES;
				GCC_WARN_UNUSED_VARIABLE = YES;
				IPHONEOS_DEPLOYMENT_TARGET = 15.2;
				MTL_ENABLE_DEBUG_INFO = NO;
				MTL_FAST_MATH = YES;
				SDKROOT = iphoneos;
				SWIFT_COMPILATION_MODE = wholemodule;
				SWIFT_OPTIMIZATION_LEVEL = "-O";
				VALIDATE_PRODUCT = YES;
			};
			name = Release;
		};
		DFE5E921282D71170030449A /* Debug */ = {
			isa = XCBuildConfiguration;
			baseConfigurationReference = E29CC4772F501A8698EDEC33 /* Pods-iPad_login_Demo.debug.xcconfig */;
			buildSettings = {
				ASSETCATALOG_COMPILER_APPICON_NAME = AppIcon;
				ASSETCATALOG_COMPILER_GLOBAL_ACCENT_COLOR_NAME = AccentColor;
				CODE_SIGN_STYLE = Automatic;
				CURRENT_PROJECT_VERSION = 1;
				DEVELOPMENT_TEAM = D4BN3Y3ZB5;
				GENERATE_INFOPLIST_FILE = YES;
				INFOPLIST_FILE = iPad_login_Demo/Info.plist;
				INFOPLIST_KEY_UIApplicationSupportsIndirectInputEvents = YES;
				INFOPLIST_KEY_UILaunchStoryboardName = LaunchScreen;
				INFOPLIST_KEY_UIMainStoryboardFile = "";
				INFOPLIST_KEY_UISupportedInterfaceOrientations_iPad = UIInterfaceOrientationLandscapeRight;
				INFOPLIST_KEY_UISupportedInterfaceOrientations_iPhone = "UIInterfaceOrientationPortrait UIInterfaceOrientationLandscapeLeft UIInterfaceOrientationLandscapeRight";
				IPHONEOS_DEPLOYMENT_TARGET = 15.0;
				LD_RUNPATH_SEARCH_PATHS = (
					"$(inherited)",
					"@executable_path/Frameworks",
				);
				MARKETING_VERSION = 1.0;
				PRODUCT_BUNDLE_IDENTIFIER = "com.arteksoftware.iPad-login-Demo";
				PRODUCT_NAME = "$(TARGET_NAME)";
				SWIFT_EMIT_LOC_STRINGS = YES;
				SWIFT_VERSION = 5.0;
				TARGETED_DEVICE_FAMILY = 2;
			};
			name = Debug;
		};
		DFE5E922282D71170030449A /* Release */ = {
			isa = XCBuildConfiguration;
			baseConfigurationReference = 02AB010B4689EFC51C2342B4 /* Pods-iPad_login_Demo.release.xcconfig */;
			buildSettings = {
				ASSETCATALOG_COMPILER_APPICON_NAME = AppIcon;
				ASSETCATALOG_COMPILER_GLOBAL_ACCENT_COLOR_NAME = AccentColor;
				CODE_SIGN_STYLE = Automatic;
				CURRENT_PROJECT_VERSION = 1;
				DEVELOPMENT_TEAM = D4BN3Y3ZB5;
				GENERATE_INFOPLIST_FILE = YES;
				INFOPLIST_FILE = iPad_login_Demo/Info.plist;
				INFOPLIST_KEY_UIApplicationSupportsIndirectInputEvents = YES;
				INFOPLIST_KEY_UILaunchStoryboardName = LaunchScreen;
				INFOPLIST_KEY_UIMainStoryboardFile = "";
				INFOPLIST_KEY_UISupportedInterfaceOrientations_iPad = UIInterfaceOrientationLandscapeRight;
				INFOPLIST_KEY_UISupportedInterfaceOrientations_iPhone = "UIInterfaceOrientationPortrait UIInterfaceOrientationLandscapeLeft UIInterfaceOrientationLandscapeRight";
				IPHONEOS_DEPLOYMENT_TARGET = 15.0;
				LD_RUNPATH_SEARCH_PATHS = (
					"$(inherited)",
					"@executable_path/Frameworks",
				);
				MARKETING_VERSION = 1.0;
				PRODUCT_BUNDLE_IDENTIFIER = "com.arteksoftware.iPad-login-Demo";
				PRODUCT_NAME = "$(TARGET_NAME)";
				SWIFT_EMIT_LOC_STRINGS = YES;
				SWIFT_VERSION = 5.0;
				TARGETED_DEVICE_FAMILY = 2;
			};
			name = Release;
		};
/* End XCBuildConfiguration section */

/* Begin XCConfigurationList section */
		DFE5E907282D71160030449A /* Build configuration list for PBXProject "iPad_login_Demo" */ = {
			isa = XCConfigurationList;
			buildConfigurations = (
				DFE5E91E282D71170030449A /* Debug */,
				DFE5E91F282D71170030449A /* Release */,
			);
			defaultConfigurationIsVisible = 0;
			defaultConfigurationName = Release;
		};
		DFE5E920282D71170030449A /* Build configuration list for PBXNativeTarget "iPad_login_Demo" */ = {
			isa = XCConfigurationList;
			buildConfigurations = (
				DFE5E921282D71170030449A /* Debug */,
				DFE5E922282D71170030449A /* Release */,
			);
			defaultConfigurationIsVisible = 0;
			defaultConfigurationName = Release;
		};
/* End XCConfigurationList section */
	};
	rootObject = DFE5E904282D71160030449A /* Project object */;
}
