// !$*UTF8*$!
{
	archiveVersion = 1;
	classes = {
	};
	objectVersion = 55;
	objects = {

/* Begin PBXBuildFile section */
		DFE5E910282D71160030449A /* AppDelegate.swift in Sources */ = {isa = PBXBuildFile; fileRef = DFE5E90F282D71160030449A /* AppDelegate.swift */; };
		DFE5E912282D71160030449A /* SceneDelegate.swift in Sources */ = {isa = PBXBuildFile; fileRef = DFE5E911282D71160030449A /* SceneDelegate.swift */; };
		DFE5E914282D71160030449A /* ViewController.swift in Sources */ = {isa = PBXBuildFile; fileRef = DFE5E913282D71160030449A /* ViewController.swift */; };
		DFE5E917282D71160030449A /* Main.storyboard in Resources */ = {isa = PBXBuildFile; fileRef = DFE5E915282D71160030449A /* Main.storyboard */; };
		DFE5E919282D71170030449A /* Assets.xcassets in Resources */ = {isa = PBXBuildFile; fileRef = DFE5E918282D71170030449A /* Assets.xcassets */; };
		DFE5E91C282D71170030449A /* LaunchScreen.storyboard in Resources */ = {isa = PBXBuildFile; fileRef = DFE5E91A282D71170030449A /* LaunchScreen.storyboard */; };
		DFE5E925282D73460030449A /* LoginViewController.swift in Sources */ = {isa = PBXBuildFile; fileRef = DFE5E924282D73460030449A /* LoginViewController.swift */; };
		DFE5E92728327C4B0030449A /* HomeViewController.swift in Sources */ = {isa = PBXBuildFile; fileRef = DFE5E92628327C4B0030449A /* HomeViewController.swift */; };
		DFE5E92C283287D00030449A /* Utilities.swift in Sources */ = {isa = PBXBuildFile; fileRef = DFE5E92B283287D00030449A /* Utilities.swift */; };
		DFE5E92F283382DD0030449A /* LeftTableViewCell.swift in Sources */ = {isa = PBXBuildFile; fileRef = DFE5E92E283382DD0030449A /* LeftTableViewCell.swift */; };
		DFE5E931283387050030449A /* leftTBV.swift in Sources */ = {isa = PBXBuildFile; fileRef = DFE5E930283387050030449A /* leftTBV.swift */; };
		DFE5E9332833CEB60030449A /* RightTableViewCell.swift in Sources */ = {isa = PBXBuildFile; fileRef = DFE5E9322833CEB60030449A /* RightTableViewCell.swift */; };
		DFE5E9352833E19D0030449A /* rightTBV.swift in Sources */ = {isa = PBXBuildFile; fileRef = DFE5E9342833E19D0030449A /* rightTBV.swift */; };
/* End PBXBuildFile section */

/* Begin PBXFileReference section */
		DFE5E90C282D71160030449A /* iPad_login_Demo.app */ = {isa = PBXFileReference; explicitFileType = wrapper.application; includeInIndex = 0; path = iPad_login_Demo.app; sourceTree = BUILT_PRODUCTS_DIR; };
		DFE5E90F282D71160030449A /* AppDelegate.swift */ = {isa = PBXFileReference; lastKnownFileType = sourcecode.swift; path = AppDelegate.swift; sourceTree = "<group>"; };
		DFE5E911282D71160030449A /* SceneDelegate.swift */ = {isa = PBXFileReference; lastKnownFileType = sourcecode.swift; path = SceneDelegate.swift; sourceTree = "<group>"; };
		DFE5E913282D71160030449A /* ViewController.swift */ = {isa = PBXFileReference; lastKnownFileType = sourcecode.swift; path = ViewController.swift; sourceTree = "<group>"; };
		DFE5E916282D71160030449A /* Base */ = {isa = PBXFileReference; lastKnownFileType = file.storyboard; name = Base; path = Base.lproj/Main.storyboard; sourceTree = "<group>"; };
		DFE5E918282D71170030449A /* Assets.xcassets */ = {isa = PBXFileReference; lastKnownFileType = folder.assetcatalog; path = Assets.xcassets; sourceTree = "<group>"; };
		DFE5E91B282D71170030449A /* Base */ = {isa = PBXFileReference; lastKnownFileType = file.storyboard; name = Base; path = Base.lproj/LaunchScreen.storyboard; sourceTree = "<group>"; };
		DFE5E91D282D71170030449A /* Info.plist */ = {isa = PBXFileReference; lastKnownFileType = text.plist.xml; path = Info.plist; sourceTree = "<group>"; };
		DFE5E924282D73460030449A /* LoginViewController.swift */ = {isa = PBXFileReference; lastKnownFileType = sourcecode.swift; path = LoginViewController.swift; sourceTree = "<group>"; };
		DFE5E92628327C4B0030449A /* HomeViewController.swift */ = {isa = PBXFileReference; lastKnownFileType = sourcecode.swift; path = HomeViewController.swift; sourceTree = "<group>"; };
		DFE5E92B283287D00030449A /* Utilities.swift */ = {isa = PBXFileReference; lastKnownFileType = sourcecode.swift; path = Utilities.swift; sourceTree = "<group>"; };
		DFE5E92E283382DD0030449A /* LeftTableViewCell.swift */ = {isa = PBXFileReference; lastKnownFileType = sourcecode.swift; path = LeftTableViewCell.swift; sourceTree = "<group>"; };
		DFE5E930283387050030449A /* leftTBV.swift */ = {isa = PBXFileReference; lastKnownFileType = sourcecode.swift; path = leftTBV.swift; sourceTree = "<group>"; };
		DFE5E9322833CEB60030449A /* RightTableViewCell.swift */ = {isa = PBXFileReference; lastKnownFileType = sourcecode.swift; path = RightTableViewCell.swift; sourceTree = "<group>"; };
		DFE5E9342833E19D0030449A /* rightTBV.swift */ = {isa = PBXFileReference; lastKnownFileType = sourcecode.swift; path = rightTBV.swift; sourceTree = "<group>"; };
/* End PBXFileReference section */

/* Begin PBXFrameworksBuildPhase section */
		DFE5E909282D71160030449A /* Frameworks */ = {
			isa = PBXFrameworksBuildPhase;
			buildActionMask = 2147483647;
			files = (
			);
			runOnlyForDeploymentPostprocessing = 0;
		};
/* End PBXFrameworksBuildPhase section */

/* Begin PBXGroup section */
		DFE5E903282D71160030449A = {
			isa = PBXGroup;
			children = (
				DFE5E90E282D71160030449A /* iPad_login_Demo */,
				DFE5E90D282D71160030449A /* Products */,
			);
			sourceTree = "<group>";
		};
		DFE5E90D282D71160030449A /* Products */ = {
			isa = PBXGroup;
			children = (
				DFE5E90C282D71160030449A /* iPad_login_Demo.app */,
			);
			name = Products;
			sourceTree = "<group>";
		};
		DFE5E90E282D71160030449A /* iPad_login_Demo */ = {
			isa = PBXGroup;
			children = (
				DFE5E90F282D71160030449A /* AppDelegate.swift */,
				DFE5E911282D71160030449A /* SceneDelegate.swift */,
				DFE5E92D2833827E0030449A /* Table View Cell */,
				DFE5E92A283287B50030449A /* Helper */,
				DFE5E923282D73210030449A /* View Controller */,
				DFE5E915282D71160030449A /* Main.storyboard */,
				DFE5E918282D71170030449A /* Assets.xcassets */,
				DFE5E91A282D71170030449A /* LaunchScreen.storyboard */,
				DFE5E91D282D71170030449A /* Info.plist */,
			);
			path = iPad_login_Demo;
			sourceTree = "<group>";
		};
		DFE5E923282D73210030449A /* View Controller */ = {
			isa = PBXGroup;
			children = (
				DFE5E913282D71160030449A /* ViewController.swift */,
				DFE5E924282D73460030449A /* LoginViewController.swift */,
				DFE5E92628327C4B0030449A /* HomeViewController.swift */,
			);
			path = "View Controller";
			sourceTree = "<group>";
		};
		DFE5E92A283287B50030449A /* Helper */ = {
			isa = PBXGroup;
			children = (
				DFE5E92B283287D00030449A /* Utilities.swift */,
			);
			path = Helper;
			sourceTree = "<group>";
		};
		DFE5E92D2833827E0030449A /* Table View Cell */ = {
			isa = PBXGroup;
			children = (
				DFE5E930283387050030449A /* leftTBV.swift */,
				DFE5E92E283382DD0030449A /* LeftTableViewCell.swift */,
				DFE5E9322833CEB60030449A /* RightTableViewCell.swift */,
				DFE5E9342833E19D0030449A /* rightTBV.swift */,
			);
			path = "Table View Cell";
			sourceTree = "<group>";
		};
/* End PBXGroup section */

/* Begin PBXNativeTarget section */
		DFE5E90B282D71160030449A /* iPad_login_Demo */ = {
			isa = PBXNativeTarget;
			buildConfigurationList = DFE5E920282D71170030449A /* Build configuration list for PBXNativeTarget "iPad_login_Demo" */;
			buildPhases = (
				DFE5E908282D71160030449A /* Sources */,
				DFE5E909282D71160030449A /* Frameworks */,
				DFE5E90A282D71160030449A /* Resources */,
			);
			buildRules = (
			);
			dependencies = (
			);
			name = iPad_login_Demo;
			productName = iPad_login_Demo;
			productReference = DFE5E90C282D71160030449A /* iPad_login_Demo.app */;
			productType = "com.apple.product-type.application";
		};
/* End PBXNativeTarget section */

/* Begin PBXProject section */
		DFE5E904282D71160030449A /* Project object */ = {
			isa = PBXProject;
			attributes = {
				BuildIndependentTargetsInParallel = 1;
				LastSwiftUpdateCheck = 1320;
				LastUpgradeCheck = 1320;
				TargetAttributes = {
					DFE5E90B282D71160030449A = {
						CreatedOnToolsVersion = 13.2.1;
					};
				};
			};
			buildConfigurationList = DFE5E907282D71160030449A /* Build configuration list for PBXProject "iPad_login_Demo" */;
			compatibilityVersion = "Xcode 13.0";
			developmentRegion = en;
			hasScannedForEncodings = 0;
			knownRegions = (
				en,
				Base,
			);
			mainGroup = DFE5E903282D71160030449A;
			productRefGroup = DFE5E90D282D71160030449A /* Products */;
			projectDirPath = "";
			projectRoot = "";
			targets = (
				DFE5E90B282D71160030449A /* iPad_login_Demo */,
			);
		};
/* End PBXProject section */

/* Begin PBXResourcesBuildPhase section */
		DFE5E90A282D71160030449A /* Resources */ = {
			isa = PBXResourcesBuildPhase;
			buildActionMask = 2147483647;
			files = (
				DFE5E91C282D71170030449A /* LaunchScreen.storyboard in Resources */,
				DFE5E919282D71170030449A /* Assets.xcassets in Resources */,
				DFE5E917282D71160030449A /* Main.storyboard in Resources */,
			);
			runOnlyForDeploymentPostprocessing = 0;
		};
/* End PBXResourcesBuildPhase section */

/* Begin PBXSourcesBuildPhase section */
		DFE5E908282D71160030449A /* Sources */ = {
			isa = PBXSourcesBuildPhase;
			buildActionMask = 2147483647;
			files = (
				DFE5E92C283287D00030449A /* Utilities.swift in Sources */,
				DFE5E9352833E19D0030449A /* rightTBV.swift in Sources */,
				DFE5E92728327C4B0030449A /* HomeViewController.swift in Sources */,
				DFE5E9332833CEB60030449A /* RightTableViewCell.swift in Sources */,
				DFE5E925282D73460030449A /* LoginViewController.swift in Sources */,
				DFE5E914282D71160030449A /* ViewController.swift in Sources */,
				DFE5E910282D71160030449A /* AppDelegate.swift in Sources */,
				DFE5E92F283382DD0030449A /* LeftTableViewCell.swift in Sources */,
				DFE5E912282D71160030449A /* SceneDelegate.swift in Sources */,
				DFE5E931283387050030449A /* leftTBV.swift in Sources */,
			);
			runOnlyForDeploymentPostprocessing = 0;
		};
/* End PBXSourcesBuildPhase section */

/* Begin PBXVariantGroup section */
		DFE5E915282D71160030449A /* Main.storyboard */ = {
			isa = PBXVariantGroup;
			children = (
				DFE5E916282D71160030449A /* Base */,
			);
			name = Main.storyboard;
			sourceTree = "<group>";
		};
		DFE5E91A282D71170030449A /* LaunchScreen.storyboard */ = {
			isa = PBXVariantGroup;
			children = (
				DFE5E91B282D71170030449A /* Base */,
			);
			name = LaunchScreen.storyboard;
			sourceTree = "<group>";
		};
/* End PBXVariantGroup section */

/* Begin XCBuildConfiguration section */
		DFE5E91E282D71170030449A /* Debug */ = {
			isa = XCBuildConfiguration;
			buildSettings = {
				ALWAYS_SEARCH_USER_PATHS = NO;
				CLANG_ANALYZER_NONNULL = YES;
				CLANG_ANALYZER_NUMBER_OBJECT_CONVERSION = YES_AGGRESSIVE;
				CLANG_CXX_LANGUAGE_STANDARD = "gnu++17";
				CLANG_CXX_LIBRARY = "libc++";
				CLANG_ENABLE_MODULES = YES;
				CLANG_ENABLE_OBJC_ARC = YES;
				CLANG_ENABLE_OBJC_WEAK = YES;
				CLANG_WARN_BLOCK_CAPTURE_AUTORELEASING = YES;
				CLANG_WARN_BOOL_CONVERSION = YES;
				CLANG_WARN_COMMA = YES;
				CLANG_WARN_CONSTANT_CONVERSION = YES;
				CLANG_WARN_DEPRECATED_OBJC_IMPLEMENTATIONS = YES;
				CLANG_WARN_DIRECT_OBJC_ISA_USAGE = YES_ERROR;
				CLANG_WARN_DOCUMENTATION_COMMENTS = YES;
				CLANG_WARN_EMPTY_BODY = YES;
				CLANG_WARN_ENUM_CONVERSION = YES;
				CLANG_WARN_INFINITE_RECURSION = YES;
				CLANG_WARN_INT_CONVERSION = YES;
				CLANG_WARN_NON_LITERAL_NULL_CONVERSION = YES;
				CLANG_WARN_OBJC_IMPLICIT_RETAIN_SELF = YES;
				CLANG_WARN_OBJC_LITERAL_CONVERSION = YES;
				CLANG_WARN_OBJC_ROOT_CLASS = YES_ERROR;
				CLANG_WARN_QUOTED_INCLUDE_IN_FRAMEWORK_HEADER = YES;
				CLANG_WARN_RANGE_LOOP_ANALYSIS = YES;
				CLANG_WARN_STRICT_PROTOTYPES = YES;
				CLANG_WARN_SUSPICIOUS_MOVE = YES;
				CLANG_WARN_UNGUARDED_AVAILABILITY = YES_AGGRESSIVE;
				CLANG_WARN_UNREACHABLE_CODE = YES;
				CLANG_WARN__DUPLICATE_METHOD_MATCH = YES;
				COPY_PHASE_STRIP = NO;
				DEBUG_INFORMATION_FORMAT = dwarf;
				ENABLE_STRICT_OBJC_MSGSEND = YES;
				ENABLE_TESTABILITY = YES;
				GCC_C_LANGUAGE_STANDARD = gnu11;
				GCC_DYNAMIC_NO_PIC = NO;
				GCC_NO_COMMON_BLOCKS = YES;
				GCC_OPTIMIZATION_LEVEL = 0;
				GCC_PREPROCESSOR_DEFINITIONS = (
					"DEBUG=1",
					"$(inherited)",
				);
				GCC_WARN_64_TO_32_BIT_CONVERSION = YES;
				GCC_WARN_ABOUT_RETURN_TYPE = YES_ERROR;
				GCC_WARN_UNDECLARED_SELECTOR = YES;
				GCC_WARN_UNINITIALIZED_AUTOS = YES_AGGRESSIVE;
				GCC_WARN_UNUSED_FUNCTION = YES;
				GCC_WARN_UNUSED_VARIABLE = YES;
				IPHONEOS_DEPLOYMENT_TARGET = 15.2;
				MTL_ENABLE_DEBUG_INFO = INCLUDE_SOURCE;
				MTL_FAST_MATH = YES;
				ONLY_ACTIVE_ARCH = YES;
				SDKROOT = iphoneos;
				SWIFT_ACTIVE_COMPILATION_CONDITIONS = DEBUG;
				SWIFT_OPTIMIZATION_LEVEL = "-Onone";
			};
			name = Debug;
		};
		DFE5E91F282D71170030449A /* Release */ = {
			isa = XCBuildConfiguration;
			buildSettings = {
				ALWAYS_SEARCH_USER_PATHS = NO;
				CLANG_ANALYZER_NONNULL = YES;
				CLANG_ANALYZER_NUMBER_OBJECT_CONVERSION = YES_AGGRESSIVE;
				CLANG_CXX_LANGUAGE_STANDARD = "gnu++17";
				CLANG_CXX_LIBRARY = "libc++";
				CLANG_ENABLE_MODULES = YES;
				CLANG_ENABLE_OBJC_ARC = YES;
				CLANG_ENABLE_OBJC_WEAK = YES;
				CLANG_WARN_BLOCK_CAPTURE_AUTORELEASING = YES;
				CLANG_WARN_BOOL_CONVERSION = YES;
				CLANG_WARN_COMMA = YES;
				CLANG_WARN_CONSTANT_CONVERSION = YES;
				CLANG_WARN_DEPRECATED_OBJC_IMPLEMENTATIONS = YES;
				CLANG_WARN_DIRECT_OBJC_ISA_USAGE = YES_ERROR;
				CLANG_WARN_DOCUMENTATION_COMMENTS = YES;
				CLANG_WARN_EMPTY_BODY = YES;
				CLANG_WARN_ENUM_CONVERSION = YES;
				CLANG_WARN_INFINITE_RECURSION = YES;
				CLANG_WARN_INT_CONVERSION = YES;
				CLANG_WARN_NON_LITERAL_NULL_CONVERSION = YES;
				CLANG_WARN_OBJC_IMPLICIT_RETAIN_SELF = YES;
				CLANG_WARN_OBJC_LITERAL_CONVERSION = YES;
				CLANG_WARN_OBJC_ROOT_CLASS = YES_ERROR;
				CLANG_WARN_QUOTED_INCLUDE_IN_FRAMEWORK_HEADER = YES;
				CLANG_WARN_RANGE_LOOP_ANALYSIS = YES;
				CLANG_WARN_STRICT_PROTOTYPES = YES;
				CLANG_WARN_SUSPICIOUS_MOVE = YES;
				CLANG_WARN_UNGUARDED_AVAILABILITY = YES_AGGRESSIVE;
				CLANG_WARN_UNREACHABLE_CODE = YES;
				CLANG_WARN__DUPLICATE_METHOD_MATCH = YES;
				COPY_PHASE_STRIP = NO;
				DEBUG_INFORMATION_FORMAT = "dwarf-with-dsym";
				ENABLE_NS_ASSERTIONS = NO;
				ENABLE_STRICT_OBJC_MSGSEND = YES;
				GCC_C_LANGUAGE_STANDARD = gnu11;
				GCC_NO_COMMON_BLOCKS = YES;
				GCC_WARN_64_TO_32_BIT_CONVERSION = YES;
				GCC_WARN_ABOUT_RETURN_TYPE = YES_ERROR;
				GCC_WARN_UNDECLARED_SELECTOR = YES;
				GCC_WARN_UNINITIALIZED_AUTOS = YES_AGGRESSIVE;
				GCC_WARN_UNUSED_FUNCTION = YES;
				GCC_WARN_UNUSED_VARIABLE = YES;
				IPHONEOS_DEPLOYMENT_TARGET = 15.2;
				MTL_ENABLE_DEBUG_INFO = NO;
				MTL_FAST_MATH = YES;
				SDKROOT = iphoneos;
				SWIFT_COMPILATION_MODE = wholemodule;
				SWIFT_OPTIMIZATION_LEVEL = "-O";
				VALIDATE_PRODUCT = YES;
			};
			name = Release;
		};
		DFE5E921282D71170030449A /* Debug */ = {
			isa = XCBuildConfiguration;
			buildSettings = {
				ASSETCATALOG_COMPILER_APPICON_NAME = AppIcon;
				ASSETCATALOG_COMPILER_GLOBAL_ACCENT_COLOR_NAME = AccentColor;
				CODE_SIGN_STYLE = Automatic;
				CURRENT_PROJECT_VERSION = 1;
				DEVELOPMENT_TEAM = D4BN3Y3ZB5;
				GENERATE_INFOPLIST_FILE = YES;
				INFOPLIST_FILE = iPad_login_Demo/Info.plist;
				INFOPLIST_KEY_UIApplicationSupportsIndirectInputEvents = YES;
				INFOPLIST_KEY_UILaunchStoryboardName = LaunchScreen;
				INFOPLIST_KEY_UIMainStoryboardFile = Main;
				INFOPLIST_KEY_UISupportedInterfaceOrientations_iPad = "UIInterfaceOrientationLandscapeLeft UIInterfaceOrientationLandscapeRight";
				INFOPLIST_KEY_UISupportedInterfaceOrientations_iPhone = "UIInterfaceOrientationPortrait UIInterfaceOrientationLandscapeLeft UIInterfaceOrientationLandscapeRight";
				IPHONEOS_DEPLOYMENT_TARGET = 15.0;
				LD_RUNPATH_SEARCH_PATHS = (
					"$(inherited)",
					"@executable_path/Frameworks",
				);
				MARKETING_VERSION = 1.0;
				PRODUCT_BUNDLE_IDENTIFIER = "com.arteksoftware.iPad-login-Demo";
				PRODUCT_NAME = "$(TARGET_NAME)";
				SWIFT_EMIT_LOC_STRINGS = YES;
				SWIFT_VERSION = 5.0;
				TARGETED_DEVICE_FAMILY = 2;
			};
			name = Debug;
		};
		DFE5E922282D71170030449A /* Release */ = {
			isa = XCBuildConfiguration;
			buildSettings = {
				ASSETCATALOG_COMPILER_APPICON_NAME = AppIcon;
				ASSETCATALOG_COMPILER_GLOBAL_ACCENT_COLOR_NAME = AccentColor;
				CODE_SIGN_STYLE = Automatic;
				CURRENT_PROJECT_VERSION = 1;
				DEVELOPMENT_TEAM = D4BN3Y3ZB5;
				GENERATE_INFOPLIST_FILE = YES;
				INFOPLIST_FILE = iPad_login_Demo/Info.plist;
				INFOPLIST_KEY_UIApplicationSupportsIndirectInputEvents = YES;
				INFOPLIST_KEY_UILaunchStoryboardName = LaunchScreen;
				INFOPLIST_KEY_UIMainStoryboardFile = Main;
				INFOPLIST_KEY_UISupportedInterfaceOrientations_iPad = "UIInterfaceOrientationLandscapeLeft UIInterfaceOrientationLandscapeRight";
				INFOPLIST_KEY_UISupportedInterfaceOrientations_iPhone = "UIInterfaceOrientationPortrait UIInterfaceOrientationLandscapeLeft UIInterfaceOrientationLandscapeRight";
				IPHONEOS_DEPLOYMENT_TARGET = 15.0;
				LD_RUNPATH_SEARCH_PATHS = (
					"$(inherited)",
					"@executable_path/Frameworks",
				);
				MARKETING_VERSION = 1.0;
				PRODUCT_BUNDLE_IDENTIFIER = "com.arteksoftware.iPad-login-Demo";
				PRODUCT_NAME = "$(TARGET_NAME)";
				SWIFT_EMIT_LOC_STRINGS = YES;
				SWIFT_VERSION = 5.0;
				TARGETED_DEVICE_FAMILY = 2;
			};
			name = Release;
		};
/* End XCBuildConfiguration section */

/* Begin XCConfigurationList section */
		DFE5E907282D71160030449A /* Build configuration list for PBXProject "iPad_login_Demo" */ = {
			isa = XCConfigurationList;
			buildConfigurations = (
				DFE5E91E282D71170030449A /* Debug */,
				DFE5E91F282D71170030449A /* Release */,
			);
			defaultConfigurationIsVisible = 0;
			defaultConfigurationName = Release;
		};
		DFE5E920282D71170030449A /* Build configuration list for PBXNativeTarget "iPad_login_Demo" */ = {
			isa = XCConfigurationList;
			buildConfigurations = (
				DFE5E921282D71170030449A /* Debug */,
				DFE5E922282D71170030449A /* Release */,
			);
			defaultConfigurationIsVisible = 0;
			defaultConfigurationName = Release;
		};
/* End XCConfigurationList section */
	};
	rootObject = DFE5E904282D71160030449A /* Project object */;
}
